// !$*UTF8*$!
{
	archiveVersion = 1;
	classes = {
	};
	objectVersion = 56;
	objects = {

/* Begin PBXBuildFile section */
		58062B2F2AE76D2500DCA39B /* SubscriberBootCamp.swift in Sources */ = {isa = PBXBuildFile; fileRef = 58062B2E2AE76D2500DCA39B /* SubscriberBootCamp.swift */; };
		580A5F332A9125B100C3FF91 /* LinearGradientBootCamp.swift in Sources */ = {isa = PBXBuildFile; fileRef = 580A5F322A9125B100C3FF91 /* LinearGradientBootCamp.swift */; };
		580A5F352A912B2500C3FF91 /* IconsBootCamp.swift in Sources */ = {isa = PBXBuildFile; fileRef = 580A5F342A912B2500C3FF91 /* IconsBootCamp.swift */; };
		580C25662AD29E5C001B2036 /* NavigationViewBootCamp.swift in Sources */ = {isa = PBXBuildFile; fileRef = 580C25652AD29E5C001B2036 /* NavigationViewBootCamp.swift */; };
		583B3F1B2ACA6CF400B4F900 /* ExtractedFunctionBootCamp.swift in Sources */ = {isa = PBXBuildFile; fileRef = 583B3F1A2ACA6CF400B4F900 /* ExtractedFunctionBootCamp.swift */; };
		583B3F1D2ACA8E9300B4F900 /* BindingBootCamp.swift in Sources */ = {isa = PBXBuildFile; fileRef = 583B3F1C2ACA8E9300B4F900 /* BindingBootCamp.swift */; };
		5845953A2ABF52A40044D357 /* SafeAreaBootCamp.swift in Sources */ = {isa = PBXBuildFile; fileRef = 584595392ABF52A40044D357 /* SafeAreaBootCamp.swift */; };
		5845953C2AC124280044D357 /* ScrollViewBootCamp.swift in Sources */ = {isa = PBXBuildFile; fileRef = 5845953B2AC124280044D357 /* ScrollViewBootCamp.swift */; };
		5847594829F558D6004A755C /* SwiftUIBasicsApp.swift in Sources */ = {isa = PBXBuildFile; fileRef = 5847594729F558D6004A755C /* SwiftUIBasicsApp.swift */; };
		5847594A29F558D6004A755C /* ContentView.swift in Sources */ = {isa = PBXBuildFile; fileRef = 5847594929F558D6004A755C /* ContentView.swift */; };
		5847594C29F558DB004A755C /* Assets.xcassets in Resources */ = {isa = PBXBuildFile; fileRef = 5847594B29F558DB004A755C /* Assets.xcassets */; };
		5847594F29F558DB004A755C /* Preview Assets.xcassets in Resources */ = {isa = PBXBuildFile; fileRef = 5847594E29F558DB004A755C /* Preview Assets.xcassets */; };
		5847595929F558DC004A755C /* SwiftUIBasicsTests.swift in Sources */ = {isa = PBXBuildFile; fileRef = 5847595829F558DC004A755C /* SwiftUIBasicsTests.swift */; };
		5847596329F558DC004A755C /* SwiftUIBasicsUITests.swift in Sources */ = {isa = PBXBuildFile; fileRef = 5847596229F558DC004A755C /* SwiftUIBasicsUITests.swift */; };
		5847596529F558DC004A755C /* SwiftUIBasicsUITestsLaunchTests.swift in Sources */ = {isa = PBXBuildFile; fileRef = 5847596429F558DC004A755C /* SwiftUIBasicsUITestsLaunchTests.swift */; };
		5850B14A2A9062C60053BF5D /* ShapesBootCamp.swift in Sources */ = {isa = PBXBuildFile; fileRef = 5850B1492A9062C60053BF5D /* ShapesBootCamp.swift */; };
		5850B14C2A90642F0053BF5D /* ColorsBootCamp.swift in Sources */ = {isa = PBXBuildFile; fileRef = 5850B14B2A90642F0053BF5D /* ColorsBootCamp.swift */; };
		587FCAE429FCD37700919F22 /* TapGesture.swift in Sources */ = {isa = PBXBuildFile; fileRef = 587FCAE329FCD37700919F22 /* TapGesture.swift */; };
		5890A1D92AD6455A000C2ED0 /* ContextMenuBootCamp.swift in Sources */ = {isa = PBXBuildFile; fileRef = 5890A1D82AD6455A000C2ED0 /* ContextMenuBootCamp.swift */; };
		58A2EF852ADAD86B009B345B /* DatePickerBootCamp.swift in Sources */ = {isa = PBXBuildFile; fileRef = 58A2EF842ADAD86B009B345B /* DatePickerBootCamp.swift */; };
		58A2EF872ADAE9DE009B345B /* StepperBootCamp.swift in Sources */ = {isa = PBXBuildFile; fileRef = 58A2EF862ADAE9DE009B345B /* StepperBootCamp.swift */; };
		58A2EF892ADAEB0B009B345B /* SliderBootCamp.swift in Sources */ = {isa = PBXBuildFile; fileRef = 58A2EF882ADAEB0B009B345B /* SliderBootCamp.swift */; };
		58A8BF552ACFB0B8008144C1 /* TransitionBootCamp.swift in Sources */ = {isa = PBXBuildFile; fileRef = 58A8BF542ACFB0B8008144C1 /* TransitionBootCamp.swift */; };
		58B015AC2AD5C252002B3050 /* ListBootCamp.swift in Sources */ = {isa = PBXBuildFile; fileRef = 58B015AB2AD5C252002B3050 /* ListBootCamp.swift */; };
		58BA2F812AD26A07004AC8F1 /* PopoverBootCamp.swift in Sources */ = {isa = PBXBuildFile; fileRef = 58BA2F802AD26A07004AC8F1 /* PopoverBootCamp.swift */; };
		58C0FBEF2A92FF830054BCC4 /* ImageBootCamp.swift in Sources */ = {isa = PBXBuildFile; fileRef = 58C0FBEE2A92FF830054BCC4 /* ImageBootCamp.swift */; };
		58C1CD202AB3FCD000109945 /* FramesBootCamp.swift in Sources */ = {isa = PBXBuildFile; fileRef = 58C1CD1F2AB3FCD000109945 /* FramesBootCamp.swift */; };
		58C1CD222AB3FF7A00109945 /* BackgroundAndOverlayBootCamp.swift in Sources */ = {isa = PBXBuildFile; fileRef = 58C1CD212AB3FF7A00109945 /* BackgroundAndOverlayBootCamp.swift */; };
		58C1CD252AB5691800109945 /* StacksBootCamp.swift in Sources */ = {isa = PBXBuildFile; fileRef = 58C1CD242AB5691800109945 /* StacksBootCamp.swift */; };
		58C1CD272ABA098700109945 /* PaddingAndSpacerBootCamp.swift in Sources */ = {isa = PBXBuildFile; fileRef = 58C1CD262ABA098700109945 /* PaddingAndSpacerBootCamp.swift */; };
		58C1CD292ABA8BFC00109945 /* SpacerBootCamp.swift in Sources */ = {isa = PBXBuildFile; fileRef = 58C1CD282ABA8BFC00109945 /* SpacerBootCamp.swift */; };
		58C1CD2B2ABA8EE600109945 /* InitializerBootCamp.swift in Sources */ = {isa = PBXBuildFile; fileRef = 58C1CD2A2ABA8EE600109945 /* InitializerBootCamp.swift */; };
		58C1CD2D2ABAA48D00109945 /* ForEachBootCamp.swift in Sources */ = {isa = PBXBuildFile; fileRef = 58C1CD2C2ABAA48D00109945 /* ForEachBootCamp.swift */; };
		58C86AA92AC274A8005AE430 /* GridBootCamp.swift in Sources */ = {isa = PBXBuildFile; fileRef = 58C86AA82AC274A8005AE430 /* GridBootCamp.swift */; };
		58C86AAB2AC66D00005AE430 /* StateBootCamp.swift in Sources */ = {isa = PBXBuildFile; fileRef = 58C86AAA2AC66D00005AE430 /* StateBootCamp.swift */; };
		58D1EF152A83F090002593F5 /* TextFieldComp.swift in Sources */ = {isa = PBXBuildFile; fileRef = 58D1EF142A83F090002593F5 /* TextFieldComp.swift */; };
		58E728F42AD1A3A1009C3504 /* SheetsBootCamp.swift in Sources */ = {isa = PBXBuildFile; fileRef = 58E728F32AD1A3A1009C3504 /* SheetsBootCamp.swift */; };
		58FD77E42ADA421C00DDC330 /* TextEditorBootCamp.swift in Sources */ = {isa = PBXBuildFile; fileRef = 58FD77E32ADA421C00DDC330 /* TextEditorBootCamp.swift */; };
		58FD77E62ADA4A9800DDC330 /* ToogleBootCamp.swift in Sources */ = {isa = PBXBuildFile; fileRef = 58FD77E52ADA4A9800DDC330 /* ToogleBootCamp.swift */; };
		58FD77E82ADA677800DDC330 /* PickerBootCamp.swift in Sources */ = {isa = PBXBuildFile; fileRef = 58FD77E72ADA677800DDC330 /* PickerBootCamp.swift */; };
/* End PBXBuildFile section */

/* Begin PBXContainerItemProxy section */
		5847595529F558DC004A755C /* PBXContainerItemProxy */ = {
			isa = PBXContainerItemProxy;
			containerPortal = 5847593C29F558D6004A755C /* Project object */;
			proxyType = 1;
			remoteGlobalIDString = 5847594329F558D6004A755C;
			remoteInfo = SwiftUIBasics;
		};
		5847595F29F558DC004A755C /* PBXContainerItemProxy */ = {
			isa = PBXContainerItemProxy;
			containerPortal = 5847593C29F558D6004A755C /* Project object */;
			proxyType = 1;
			remoteGlobalIDString = 5847594329F558D6004A755C;
			remoteInfo = SwiftUIBasics;
		};
/* End PBXContainerItemProxy section */

/* Begin PBXFileReference section */
		58062B2E2AE76D2500DCA39B /* SubscriberBootCamp.swift */ = {isa = PBXFileReference; lastKnownFileType = sourcecode.swift; path = SubscriberBootCamp.swift; sourceTree = "<group>"; };
		580A5F322A9125B100C3FF91 /* LinearGradientBootCamp.swift */ = {isa = PBXFileReference; lastKnownFileType = sourcecode.swift; path = LinearGradientBootCamp.swift; sourceTree = "<group>"; };
		580A5F342A912B2500C3FF91 /* IconsBootCamp.swift */ = {isa = PBXFileReference; lastKnownFileType = sourcecode.swift; path = IconsBootCamp.swift; sourceTree = "<group>"; };
		580C25652AD29E5C001B2036 /* NavigationViewBootCamp.swift */ = {isa = PBXFileReference; lastKnownFileType = sourcecode.swift; path = NavigationViewBootCamp.swift; sourceTree = "<group>"; };
		583B3F1A2ACA6CF400B4F900 /* ExtractedFunctionBootCamp.swift */ = {isa = PBXFileReference; lastKnownFileType = sourcecode.swift; path = ExtractedFunctionBootCamp.swift; sourceTree = "<group>"; };
		583B3F1C2ACA8E9300B4F900 /* BindingBootCamp.swift */ = {isa = PBXFileReference; lastKnownFileType = sourcecode.swift; path = BindingBootCamp.swift; sourceTree = "<group>"; };
		584595392ABF52A40044D357 /* SafeAreaBootCamp.swift */ = {isa = PBXFileReference; lastKnownFileType = sourcecode.swift; path = SafeAreaBootCamp.swift; sourceTree = "<group>"; };
		5845953B2AC124280044D357 /* ScrollViewBootCamp.swift */ = {isa = PBXFileReference; lastKnownFileType = sourcecode.swift; path = ScrollViewBootCamp.swift; sourceTree = "<group>"; };
		5847594429F558D6004A755C /* SwiftUIBasics.app */ = {isa = PBXFileReference; explicitFileType = wrapper.application; includeInIndex = 0; path = SwiftUIBasics.app; sourceTree = BUILT_PRODUCTS_DIR; };
		5847594729F558D6004A755C /* SwiftUIBasicsApp.swift */ = {isa = PBXFileReference; lastKnownFileType = sourcecode.swift; path = SwiftUIBasicsApp.swift; sourceTree = "<group>"; };
		5847594929F558D6004A755C /* ContentView.swift */ = {isa = PBXFileReference; lastKnownFileType = sourcecode.swift; path = ContentView.swift; sourceTree = "<group>"; };
		5847594B29F558DB004A755C /* Assets.xcassets */ = {isa = PBXFileReference; lastKnownFileType = folder.assetcatalog; path = Assets.xcassets; sourceTree = "<group>"; };
		5847594E29F558DB004A755C /* Preview Assets.xcassets */ = {isa = PBXFileReference; lastKnownFileType = folder.assetcatalog; path = "Preview Assets.xcassets"; sourceTree = "<group>"; };
		5847595429F558DC004A755C /* SwiftUIBasicsTests.xctest */ = {isa = PBXFileReference; explicitFileType = wrapper.cfbundle; includeInIndex = 0; path = SwiftUIBasicsTests.xctest; sourceTree = BUILT_PRODUCTS_DIR; };
		5847595829F558DC004A755C /* SwiftUIBasicsTests.swift */ = {isa = PBXFileReference; lastKnownFileType = sourcecode.swift; path = SwiftUIBasicsTests.swift; sourceTree = "<group>"; };
		5847595E29F558DC004A755C /* SwiftUIBasicsUITests.xctest */ = {isa = PBXFileReference; explicitFileType = wrapper.cfbundle; includeInIndex = 0; path = SwiftUIBasicsUITests.xctest; sourceTree = BUILT_PRODUCTS_DIR; };
		5847596229F558DC004A755C /* SwiftUIBasicsUITests.swift */ = {isa = PBXFileReference; lastKnownFileType = sourcecode.swift; path = SwiftUIBasicsUITests.swift; sourceTree = "<group>"; };
		5847596429F558DC004A755C /* SwiftUIBasicsUITestsLaunchTests.swift */ = {isa = PBXFileReference; lastKnownFileType = sourcecode.swift; path = SwiftUIBasicsUITestsLaunchTests.swift; sourceTree = "<group>"; };
		5850B1492A9062C60053BF5D /* ShapesBootCamp.swift */ = {isa = PBXFileReference; lastKnownFileType = sourcecode.swift; path = ShapesBootCamp.swift; sourceTree = "<group>"; };
		5850B14B2A90642F0053BF5D /* ColorsBootCamp.swift */ = {isa = PBXFileReference; lastKnownFileType = sourcecode.swift; path = ColorsBootCamp.swift; sourceTree = "<group>"; };
		587FCAE329FCD37700919F22 /* TapGesture.swift */ = {isa = PBXFileReference; lastKnownFileType = sourcecode.swift; path = TapGesture.swift; sourceTree = "<group>"; };
		5890A1D82AD6455A000C2ED0 /* ContextMenuBootCamp.swift */ = {isa = PBXFileReference; lastKnownFileType = sourcecode.swift; path = ContextMenuBootCamp.swift; sourceTree = "<group>"; };
		58A2EF842ADAD86B009B345B /* DatePickerBootCamp.swift */ = {isa = PBXFileReference; lastKnownFileType = sourcecode.swift; path = DatePickerBootCamp.swift; sourceTree = "<group>"; };
		58A2EF862ADAE9DE009B345B /* StepperBootCamp.swift */ = {isa = PBXFileReference; lastKnownFileType = sourcecode.swift; path = StepperBootCamp.swift; sourceTree = "<group>"; };
		58A2EF882ADAEB0B009B345B /* SliderBootCamp.swift */ = {isa = PBXFileReference; lastKnownFileType = sourcecode.swift; path = SliderBootCamp.swift; sourceTree = "<group>"; };
		58A8BF542ACFB0B8008144C1 /* TransitionBootCamp.swift */ = {isa = PBXFileReference; lastKnownFileType = sourcecode.swift; path = TransitionBootCamp.swift; sourceTree = "<group>"; };
		58B015AB2AD5C252002B3050 /* ListBootCamp.swift */ = {isa = PBXFileReference; lastKnownFileType = sourcecode.swift; path = ListBootCamp.swift; sourceTree = "<group>"; };
		58BA2F802AD26A07004AC8F1 /* PopoverBootCamp.swift */ = {isa = PBXFileReference; lastKnownFileType = sourcecode.swift; path = PopoverBootCamp.swift; sourceTree = "<group>"; };
		58C0FBEE2A92FF830054BCC4 /* ImageBootCamp.swift */ = {isa = PBXFileReference; lastKnownFileType = sourcecode.swift; path = ImageBootCamp.swift; sourceTree = "<group>"; };
		58C1CD1F2AB3FCD000109945 /* FramesBootCamp.swift */ = {isa = PBXFileReference; lastKnownFileType = sourcecode.swift; path = FramesBootCamp.swift; sourceTree = "<group>"; };
		58C1CD212AB3FF7A00109945 /* BackgroundAndOverlayBootCamp.swift */ = {isa = PBXFileReference; lastKnownFileType = sourcecode.swift; path = BackgroundAndOverlayBootCamp.swift; sourceTree = "<group>"; };
		58C1CD242AB5691800109945 /* StacksBootCamp.swift */ = {isa = PBXFileReference; lastKnownFileType = sourcecode.swift; path = StacksBootCamp.swift; sourceTree = "<group>"; };
		58C1CD262ABA098700109945 /* PaddingAndSpacerBootCamp.swift */ = {isa = PBXFileReference; lastKnownFileType = sourcecode.swift; path = PaddingAndSpacerBootCamp.swift; sourceTree = "<group>"; };
		58C1CD282ABA8BFC00109945 /* SpacerBootCamp.swift */ = {isa = PBXFileReference; lastKnownFileType = sourcecode.swift; path = SpacerBootCamp.swift; sourceTree = "<group>"; };
		58C1CD2A2ABA8EE600109945 /* InitializerBootCamp.swift */ = {isa = PBXFileReference; lastKnownFileType = sourcecode.swift; name = InitializerBootCamp.swift; path = SwiftUIBasics/InitializerBootCamp.swift; sourceTree = SOURCE_ROOT; };
		58C1CD2C2ABAA48D00109945 /* ForEachBootCamp.swift */ = {isa = PBXFileReference; lastKnownFileType = sourcecode.swift; path = ForEachBootCamp.swift; sourceTree = "<group>"; };
		58C86AA82AC274A8005AE430 /* GridBootCamp.swift */ = {isa = PBXFileReference; lastKnownFileType = sourcecode.swift; path = GridBootCamp.swift; sourceTree = "<group>"; };
		58C86AAA2AC66D00005AE430 /* StateBootCamp.swift */ = {isa = PBXFileReference; lastKnownFileType = sourcecode.swift; path = StateBootCamp.swift; sourceTree = "<group>"; };
		58D1EF142A83F090002593F5 /* TextFieldComp.swift */ = {isa = PBXFileReference; lastKnownFileType = sourcecode.swift; path = TextFieldComp.swift; sourceTree = "<group>"; };
		58E728F32AD1A3A1009C3504 /* SheetsBootCamp.swift */ = {isa = PBXFileReference; lastKnownFileType = sourcecode.swift; path = SheetsBootCamp.swift; sourceTree = "<group>"; };
		58FD77E32ADA421C00DDC330 /* TextEditorBootCamp.swift */ = {isa = PBXFileReference; lastKnownFileType = sourcecode.swift; path = TextEditorBootCamp.swift; sourceTree = "<group>"; };
		58FD77E52ADA4A9800DDC330 /* ToogleBootCamp.swift */ = {isa = PBXFileReference; lastKnownFileType = sourcecode.swift; path = ToogleBootCamp.swift; sourceTree = "<group>"; };
		58FD77E72ADA677800DDC330 /* PickerBootCamp.swift */ = {isa = PBXFileReference; lastKnownFileType = sourcecode.swift; path = PickerBootCamp.swift; sourceTree = "<group>"; };
/* End PBXFileReference section */

/* Begin PBXFrameworksBuildPhase section */
		5847594129F558D6004A755C /* Frameworks */ = {
			isa = PBXFrameworksBuildPhase;
			buildActionMask = 2147483647;
			files = (
			);
			runOnlyForDeploymentPostprocessing = 0;
		};
		5847595129F558DC004A755C /* Frameworks */ = {
			isa = PBXFrameworksBuildPhase;
			buildActionMask = 2147483647;
			files = (
			);
			runOnlyForDeploymentPostprocessing = 0;
		};
		5847595B29F558DC004A755C /* Frameworks */ = {
			isa = PBXFrameworksBuildPhase;
			buildActionMask = 2147483647;
			files = (
			);
			runOnlyForDeploymentPostprocessing = 0;
		};
/* End PBXFrameworksBuildPhase section */

/* Begin PBXGroup section */
		5847593B29F558D6004A755C = {
			isa = PBXGroup;
			children = (
				5847594629F558D6004A755C /* SwiftUIBasics */,
				5847596129F558DC004A755C /* SwiftUIBasicsUITests */,
				5847594529F558D6004A755C /* Products */,
			);
			sourceTree = "<group>";
		};
		5847594529F558D6004A755C /* Products */ = {
			isa = PBXGroup;
			children = (
				5847594429F558D6004A755C /* SwiftUIBasics.app */,
				5847595429F558DC004A755C /* SwiftUIBasicsTests.xctest */,
				5847595E29F558DC004A755C /* SwiftUIBasicsUITests.xctest */,
			);
			name = Products;
			sourceTree = "<group>";
		};
		5847594629F558D6004A755C /* SwiftUIBasics */ = {
			isa = PBXGroup;
			children = (
				5847594929F558D6004A755C /* ContentView.swift */,
				5847594729F558D6004A755C /* SwiftUIBasicsApp.swift */,
				587FCAE329FCD37700919F22 /* TapGesture.swift */,
				58D1EF142A83F090002593F5 /* TextFieldComp.swift */,
				5850B1492A9062C60053BF5D /* ShapesBootCamp.swift */,
				5850B14B2A90642F0053BF5D /* ColorsBootCamp.swift */,
				580A5F322A9125B100C3FF91 /* LinearGradientBootCamp.swift */,
				580A5F342A912B2500C3FF91 /* IconsBootCamp.swift */,
				58C0FBEE2A92FF830054BCC4 /* ImageBootCamp.swift */,
				58C1CD1F2AB3FCD000109945 /* FramesBootCamp.swift */,
				58C1CD212AB3FF7A00109945 /* BackgroundAndOverlayBootCamp.swift */,
				58C1CD242AB5691800109945 /* StacksBootCamp.swift */,
				58C1CD262ABA098700109945 /* PaddingAndSpacerBootCamp.swift */,
				58C1CD282ABA8BFC00109945 /* SpacerBootCamp.swift */,
				58C1CD2A2ABA8EE600109945 /* InitializerBootCamp.swift */,
				58C1CD2C2ABAA48D00109945 /* ForEachBootCamp.swift */,
				584595392ABF52A40044D357 /* SafeAreaBootCamp.swift */,
				5845953B2AC124280044D357 /* ScrollViewBootCamp.swift */,
				58C86AA82AC274A8005AE430 /* GridBootCamp.swift */,
				58C86AAA2AC66D00005AE430 /* StateBootCamp.swift */,
				583B3F1A2ACA6CF400B4F900 /* ExtractedFunctionBootCamp.swift */,
				583B3F1C2ACA8E9300B4F900 /* BindingBootCamp.swift */,
				58A8BF542ACFB0B8008144C1 /* TransitionBootCamp.swift */,
				58E728F32AD1A3A1009C3504 /* SheetsBootCamp.swift */,
				58BA2F802AD26A07004AC8F1 /* PopoverBootCamp.swift */,
				580C25652AD29E5C001B2036 /* NavigationViewBootCamp.swift */,
				58B015AB2AD5C252002B3050 /* ListBootCamp.swift */,
				5890A1D82AD6455A000C2ED0 /* ContextMenuBootCamp.swift */,
				58FD77E32ADA421C00DDC330 /* TextEditorBootCamp.swift */,
				58FD77E52ADA4A9800DDC330 /* ToogleBootCamp.swift */,
				58FD77E72ADA677800DDC330 /* PickerBootCamp.swift */,
				58A2EF842ADAD86B009B345B /* DatePickerBootCamp.swift */,
				58A2EF862ADAE9DE009B345B /* StepperBootCamp.swift */,
				58A2EF882ADAEB0B009B345B /* SliderBootCamp.swift */,
				58062B2E2AE76D2500DCA39B /* SubscriberBootCamp.swift */,
				5847595729F558DC004A755C /* SwiftUIBasicsTests */,
				5847594B29F558DB004A755C /* Assets.xcassets */,
				5847594D29F558DB004A755C /* Preview Content */,
			);
			path = SwiftUIBasics;
			sourceTree = "<group>";
		};
		5847594D29F558DB004A755C /* Preview Content */ = {
			isa = PBXGroup;
			children = (
				5847594E29F558DB004A755C /* Preview Assets.xcassets */,
			);
			path = "Preview Content";
			sourceTree = "<group>";
		};
		5847595729F558DC004A755C /* SwiftUIBasicsTests */ = {
			isa = PBXGroup;
			children = (
				5847595829F558DC004A755C /* SwiftUIBasicsTests.swift */,
			);
			path = SwiftUIBasicsTests;
			sourceTree = "<group>";
		};
		5847596129F558DC004A755C /* SwiftUIBasicsUITests */ = {
			isa = PBXGroup;
			children = (
				5847596229F558DC004A755C /* SwiftUIBasicsUITests.swift */,
				5847596429F558DC004A755C /* SwiftUIBasicsUITestsLaunchTests.swift */,
			);
			path = SwiftUIBasicsUITests;
			sourceTree = "<group>";
		};
/* End PBXGroup section */

/* Begin PBXNativeTarget section */
		5847594329F558D6004A755C /* SwiftUIBasics */ = {
			isa = PBXNativeTarget;
			buildConfigurationList = 5847596829F558DC004A755C /* Build configuration list for PBXNativeTarget "SwiftUIBasics" */;
			buildPhases = (
				5847594029F558D6004A755C /* Sources */,
				5847594129F558D6004A755C /* Frameworks */,
				5847594229F558D6004A755C /* Resources */,
			);
			buildRules = (
			);
			dependencies = (
			);
			name = SwiftUIBasics;
			productName = SwiftUIBasics;
			productReference = 5847594429F558D6004A755C /* SwiftUIBasics.app */;
			productType = "com.apple.product-type.application";
		};
		5847595329F558DC004A755C /* SwiftUIBasicsTests */ = {
			isa = PBXNativeTarget;
			buildConfigurationList = 5847596B29F558DC004A755C /* Build configuration list for PBXNativeTarget "SwiftUIBasicsTests" */;
			buildPhases = (
				5847595029F558DC004A755C /* Sources */,
				5847595129F558DC004A755C /* Frameworks */,
				5847595229F558DC004A755C /* Resources */,
			);
			buildRules = (
			);
			dependencies = (
				5847595629F558DC004A755C /* PBXTargetDependency */,
			);
			name = SwiftUIBasicsTests;
			productName = SwiftUIBasicsTests;
			productReference = 5847595429F558DC004A755C /* SwiftUIBasicsTests.xctest */;
			productType = "com.apple.product-type.bundle.unit-test";
		};
		5847595D29F558DC004A755C /* SwiftUIBasicsUITests */ = {
			isa = PBXNativeTarget;
			buildConfigurationList = 5847596E29F558DC004A755C /* Build configuration list for PBXNativeTarget "SwiftUIBasicsUITests" */;
			buildPhases = (
				5847595A29F558DC004A755C /* Sources */,
				5847595B29F558DC004A755C /* Frameworks */,
				5847595C29F558DC004A755C /* Resources */,
			);
			buildRules = (
			);
			dependencies = (
				5847596029F558DC004A755C /* PBXTargetDependency */,
			);
			name = SwiftUIBasicsUITests;
			productName = SwiftUIBasicsUITests;
			productReference = 5847595E29F558DC004A755C /* SwiftUIBasicsUITests.xctest */;
			productType = "com.apple.product-type.bundle.ui-testing";
		};
/* End PBXNativeTarget section */

/* Begin PBXProject section */
		5847593C29F558D6004A755C /* Project object */ = {
			isa = PBXProject;
			attributes = {
				BuildIndependentTargetsInParallel = 1;
				LastSwiftUpdateCheck = 1410;
				LastUpgradeCheck = 1410;
				TargetAttributes = {
					5847594329F558D6004A755C = {
						CreatedOnToolsVersion = 14.1;
					};
					5847595329F558DC004A755C = {
						CreatedOnToolsVersion = 14.1;
						TestTargetID = 5847594329F558D6004A755C;
					};
					5847595D29F558DC004A755C = {
						CreatedOnToolsVersion = 14.1;
						TestTargetID = 5847594329F558D6004A755C;
					};
				};
			};
			buildConfigurationList = 5847593F29F558D6004A755C /* Build configuration list for PBXProject "SwiftUIBasics" */;
			compatibilityVersion = "Xcode 14.0";
			developmentRegion = en;
			hasScannedForEncodings = 0;
			knownRegions = (
				en,
				Base,
			);
			mainGroup = 5847593B29F558D6004A755C;
			productRefGroup = 5847594529F558D6004A755C /* Products */;
			projectDirPath = "";
			projectRoot = "";
			targets = (
				5847594329F558D6004A755C /* SwiftUIBasics */,
				5847595329F558DC004A755C /* SwiftUIBasicsTests */,
				5847595D29F558DC004A755C /* SwiftUIBasicsUITests */,
			);
		};
/* End PBXProject section */

/* Begin PBXResourcesBuildPhase section */
		5847594229F558D6004A755C /* Resources */ = {
			isa = PBXResourcesBuildPhase;
			buildActionMask = 2147483647;
			files = (
				5847594F29F558DB004A755C /* Preview Assets.xcassets in Resources */,
				5847594C29F558DB004A755C /* Assets.xcassets in Resources */,
			);
			runOnlyForDeploymentPostprocessing = 0;
		};
		5847595229F558DC004A755C /* Resources */ = {
			isa = PBXResourcesBuildPhase;
			buildActionMask = 2147483647;
			files = (
			);
			runOnlyForDeploymentPostprocessing = 0;
		};
		5847595C29F558DC004A755C /* Resources */ = {
			isa = PBXResourcesBuildPhase;
			buildActionMask = 2147483647;
			files = (
			);
			runOnlyForDeploymentPostprocessing = 0;
		};
/* End PBXResourcesBuildPhase section */

/* Begin PBXSourcesBuildPhase section */
		5847594029F558D6004A755C /* Sources */ = {
			isa = PBXSourcesBuildPhase;
			buildActionMask = 2147483647;
			files = (
				58FD77E62ADA4A9800DDC330 /* ToogleBootCamp.swift in Sources */,
				58B015AC2AD5C252002B3050 /* ListBootCamp.swift in Sources */,
				58062B2F2AE76D2500DCA39B /* SubscriberBootCamp.swift in Sources */,
				58A2EF872ADAE9DE009B345B /* StepperBootCamp.swift in Sources */,
				58FD77E82ADA677800DDC330 /* PickerBootCamp.swift in Sources */,
				583B3F1D2ACA8E9300B4F900 /* BindingBootCamp.swift in Sources */,
				58A2EF892ADAEB0B009B345B /* SliderBootCamp.swift in Sources */,
				58A2EF852ADAD86B009B345B /* DatePickerBootCamp.swift in Sources */,
				58C0FBEF2A92FF830054BCC4 /* ImageBootCamp.swift in Sources */,
				5850B14C2A90642F0053BF5D /* ColorsBootCamp.swift in Sources */,
				58C1CD202AB3FCD000109945 /* FramesBootCamp.swift in Sources */,
				5850B14A2A9062C60053BF5D /* ShapesBootCamp.swift in Sources */,
				5847594A29F558D6004A755C /* ContentView.swift in Sources */,
				58C1CD2B2ABA8EE600109945 /* InitializerBootCamp.swift in Sources */,
				583B3F1B2ACA6CF400B4F900 /* ExtractedFunctionBootCamp.swift in Sources */,
				58E728F42AD1A3A1009C3504 /* SheetsBootCamp.swift in Sources */,
				58C1CD272ABA098700109945 /* PaddingAndSpacerBootCamp.swift in Sources */,
				5890A1D92AD6455A000C2ED0 /* ContextMenuBootCamp.swift in Sources */,
				587FCAE429FCD37700919F22 /* TapGesture.swift in Sources */,
				58D1EF152A83F090002593F5 /* TextFieldComp.swift in Sources */,
				58C1CD292ABA8BFC00109945 /* SpacerBootCamp.swift in Sources */,
				580A5F332A9125B100C3FF91 /* LinearGradientBootCamp.swift in Sources */,
				58C1CD252AB5691800109945 /* StacksBootCamp.swift in Sources */,
				58BA2F812AD26A07004AC8F1 /* PopoverBootCamp.swift in Sources */,
				58C86AAB2AC66D00005AE430 /* StateBootCamp.swift in Sources */,
				580C25662AD29E5C001B2036 /* NavigationViewBootCamp.swift in Sources */,
				5847594829F558D6004A755C /* SwiftUIBasicsApp.swift in Sources */,
				58C1CD2D2ABAA48D00109945 /* ForEachBootCamp.swift in Sources */,
				5845953C2AC124280044D357 /* ScrollViewBootCamp.swift in Sources */,
				58C1CD222AB3FF7A00109945 /* BackgroundAndOverlayBootCamp.swift in Sources */,
				58C86AA92AC274A8005AE430 /* GridBootCamp.swift in Sources */,
				5845953A2ABF52A40044D357 /* SafeAreaBootCamp.swift in Sources */,
				58FD77E42ADA421C00DDC330 /* TextEditorBootCamp.swift in Sources */,
				58A8BF552ACFB0B8008144C1 /* TransitionBootCamp.swift in Sources */,
				580A5F352A912B2500C3FF91 /* IconsBootCamp.swift in Sources */,
			);
			runOnlyForDeploymentPostprocessing = 0;
		};
		5847595029F558DC004A755C /* Sources */ = {
			isa = PBXSourcesBuildPhase;
			buildActionMask = 2147483647;
			files = (
				5847595929F558DC004A755C /* SwiftUIBasicsTests.swift in Sources */,
			);
			runOnlyForDeploymentPostprocessing = 0;
		};
		5847595A29F558DC004A755C /* Sources */ = {
			isa = PBXSourcesBuildPhase;
			buildActionMask = 2147483647;
			files = (
				5847596329F558DC004A755C /* SwiftUIBasicsUITests.swift in Sources */,
				5847596529F558DC004A755C /* SwiftUIBasicsUITestsLaunchTests.swift in Sources */,
			);
			runOnlyForDeploymentPostprocessing = 0;
		};
/* End PBXSourcesBuildPhase section */

/* Begin PBXTargetDependency section */
		5847595629F558DC004A755C /* PBXTargetDependency */ = {
			isa = PBXTargetDependency;
			target = 5847594329F558D6004A755C /* SwiftUIBasics */;
			targetProxy = 5847595529F558DC004A755C /* PBXContainerItemProxy */;
		};
		5847596029F558DC004A755C /* PBXTargetDependency */ = {
			isa = PBXTargetDependency;
			target = 5847594329F558D6004A755C /* SwiftUIBasics */;
			targetProxy = 5847595F29F558DC004A755C /* PBXContainerItemProxy */;
		};
/* End PBXTargetDependency section */

/* Begin XCBuildConfiguration section */
		5847596629F558DC004A755C /* Debug */ = {
			isa = XCBuildConfiguration;
			buildSettings = {
				ALWAYS_SEARCH_USER_PATHS = NO;
				CLANG_ANALYZER_NONNULL = YES;
				CLANG_ANALYZER_NUMBER_OBJECT_CONVERSION = YES_AGGRESSIVE;
				CLANG_CXX_LANGUAGE_STANDARD = "gnu++20";
				CLANG_ENABLE_MODULES = YES;
				CLANG_ENABLE_OBJC_ARC = YES;
				CLANG_ENABLE_OBJC_WEAK = YES;
				CLANG_WARN_BLOCK_CAPTURE_AUTORELEASING = YES;
				CLANG_WARN_BOOL_CONVERSION = YES;
				CLANG_WARN_COMMA = YES;
				CLANG_WARN_CONSTANT_CONVERSION = YES;
				CLANG_WARN_DEPRECATED_OBJC_IMPLEMENTATIONS = YES;
				CLANG_WARN_DIRECT_OBJC_ISA_USAGE = YES_ERROR;
				CLANG_WARN_DOCUMENTATION_COMMENTS = YES;
				CLANG_WARN_EMPTY_BODY = YES;
				CLANG_WARN_ENUM_CONVERSION = YES;
				CLANG_WARN_INFINITE_RECURSION = YES;
				CLANG_WARN_INT_CONVERSION = YES;
				CLANG_WARN_NON_LITERAL_NULL_CONVERSION = YES;
				CLANG_WARN_OBJC_IMPLICIT_RETAIN_SELF = YES;
				CLANG_WARN_OBJC_LITERAL_CONVERSION = YES;
				CLANG_WARN_OBJC_ROOT_CLASS = YES_ERROR;
				CLANG_WARN_QUOTED_INCLUDE_IN_FRAMEWORK_HEADER = YES;
				CLANG_WARN_RANGE_LOOP_ANALYSIS = YES;
				CLANG_WARN_STRICT_PROTOTYPES = YES;
				CLANG_WARN_SUSPICIOUS_MOVE = YES;
				CLANG_WARN_UNGUARDED_AVAILABILITY = YES_AGGRESSIVE;
				CLANG_WARN_UNREACHABLE_CODE = YES;
				CLANG_WARN__DUPLICATE_METHOD_MATCH = YES;
				COPY_PHASE_STRIP = NO;
				DEBUG_INFORMATION_FORMAT = dwarf;
				ENABLE_STRICT_OBJC_MSGSEND = YES;
				ENABLE_TESTABILITY = YES;
				GCC_C_LANGUAGE_STANDARD = gnu11;
				GCC_DYNAMIC_NO_PIC = NO;
				GCC_NO_COMMON_BLOCKS = YES;
				GCC_OPTIMIZATION_LEVEL = 0;
				GCC_PREPROCESSOR_DEFINITIONS = (
					"DEBUG=1",
					"$(inherited)",
				);
				GCC_WARN_64_TO_32_BIT_CONVERSION = YES;
				GCC_WARN_ABOUT_RETURN_TYPE = YES_ERROR;
				GCC_WARN_UNDECLARED_SELECTOR = YES;
				GCC_WARN_UNINITIALIZED_AUTOS = YES_AGGRESSIVE;
				GCC_WARN_UNUSED_FUNCTION = YES;
				GCC_WARN_UNUSED_VARIABLE = YES;
				IPHONEOS_DEPLOYMENT_TARGET = 16.1;
				MTL_ENABLE_DEBUG_INFO = INCLUDE_SOURCE;
				MTL_FAST_MATH = YES;
				ONLY_ACTIVE_ARCH = YES;
				SDKROOT = iphoneos;
				SWIFT_ACTIVE_COMPILATION_CONDITIONS = DEBUG;
				SWIFT_OPTIMIZATION_LEVEL = "-Onone";
			};
			name = Debug;
		};
		5847596729F558DC004A755C /* Release */ = {
			isa = XCBuildConfiguration;
			buildSettings = {
				ALWAYS_SEARCH_USER_PATHS = NO;
				CLANG_ANALYZER_NONNULL = YES;
				CLANG_ANALYZER_NUMBER_OBJECT_CONVERSION = YES_AGGRESSIVE;
				CLANG_CXX_LANGUAGE_STANDARD = "gnu++20";
				CLANG_ENABLE_MODULES = YES;
				CLANG_ENABLE_OBJC_ARC = YES;
				CLANG_ENABLE_OBJC_WEAK = YES;
				CLANG_WARN_BLOCK_CAPTURE_AUTORELEASING = YES;
				CLANG_WARN_BOOL_CONVERSION = YES;
				CLANG_WARN_COMMA = YES;
				CLANG_WARN_CONSTANT_CONVERSION = YES;
				CLANG_WARN_DEPRECATED_OBJC_IMPLEMENTATIONS = YES;
				CLANG_WARN_DIRECT_OBJC_ISA_USAGE = YES_ERROR;
				CLANG_WARN_DOCUMENTATION_COMMENTS = YES;
				CLANG_WARN_EMPTY_BODY = YES;
				CLANG_WARN_ENUM_CONVERSION = YES;
				CLANG_WARN_INFINITE_RECURSION = YES;
				CLANG_WARN_INT_CONVERSION = YES;
				CLANG_WARN_NON_LITERAL_NULL_CONVERSION = YES;
				CLANG_WARN_OBJC_IMPLICIT_RETAIN_SELF = YES;
				CLANG_WARN_OBJC_LITERAL_CONVERSION = YES;
				CLANG_WARN_OBJC_ROOT_CLASS = YES_ERROR;
				CLANG_WARN_QUOTED_INCLUDE_IN_FRAMEWORK_HEADER = YES;
				CLANG_WARN_RANGE_LOOP_ANALYSIS = YES;
				CLANG_WARN_STRICT_PROTOTYPES = YES;
				CLANG_WARN_SUSPICIOUS_MOVE = YES;
				CLANG_WARN_UNGUARDED_AVAILABILITY = YES_AGGRESSIVE;
				CLANG_WARN_UNREACHABLE_CODE = YES;
				CLANG_WARN__DUPLICATE_METHOD_MATCH = YES;
				COPY_PHASE_STRIP = NO;
				DEBUG_INFORMATION_FORMAT = "dwarf-with-dsym";
				ENABLE_NS_ASSERTIONS = NO;
				ENABLE_STRICT_OBJC_MSGSEND = YES;
				GCC_C_LANGUAGE_STANDARD = gnu11;
				GCC_NO_COMMON_BLOCKS = YES;
				GCC_WARN_64_TO_32_BIT_CONVERSION = YES;
				GCC_WARN_ABOUT_RETURN_TYPE = YES_ERROR;
				GCC_WARN_UNDECLARED_SELECTOR = YES;
				GCC_WARN_UNINITIALIZED_AUTOS = YES_AGGRESSIVE;
				GCC_WARN_UNUSED_FUNCTION = YES;
				GCC_WARN_UNUSED_VARIABLE = YES;
				IPHONEOS_DEPLOYMENT_TARGET = 16.1;
				MTL_ENABLE_DEBUG_INFO = NO;
				MTL_FAST_MATH = YES;
				SDKROOT = iphoneos;
				SWIFT_COMPILATION_MODE = wholemodule;
				SWIFT_OPTIMIZATION_LEVEL = "-O";
				VALIDATE_PRODUCT = YES;
			};
			name = Release;
		};
		5847596929F558DC004A755C /* Debug */ = {
			isa = XCBuildConfiguration;
			buildSettings = {
				ASSETCATALOG_COMPILER_APPICON_NAME = AppIcon;
				ASSETCATALOG_COMPILER_GLOBAL_ACCENT_COLOR_NAME = AccentColor;
				CODE_SIGN_STYLE = Automatic;
				CURRENT_PROJECT_VERSION = 1;
				DEVELOPMENT_ASSET_PATHS = "\"SwiftUIBasics/Preview Content\"";
				ENABLE_PREVIEWS = YES;
				GENERATE_INFOPLIST_FILE = YES;
				INFOPLIST_KEY_UIApplicationSceneManifest_Generation = YES;
				INFOPLIST_KEY_UIApplicationSupportsIndirectInputEvents = YES;
				INFOPLIST_KEY_UILaunchScreen_Generation = YES;
				INFOPLIST_KEY_UISupportedInterfaceOrientations_iPad = "UIInterfaceOrientationPortrait UIInterfaceOrientationPortraitUpsideDown UIInterfaceOrientationLandscapeLeft UIInterfaceOrientationLandscapeRight";
				INFOPLIST_KEY_UISupportedInterfaceOrientations_iPhone = "UIInterfaceOrientationPortrait UIInterfaceOrientationLandscapeLeft UIInterfaceOrientationLandscapeRight";
				LD_RUNPATH_SEARCH_PATHS = (
					"$(inherited)",
					"@executable_path/Frameworks",
				);
				MARKETING_VERSION = 1.0;
				PRODUCT_BUNDLE_IDENTIFIER = dakor.nirmal.SwiftUIBasics;
				PRODUCT_NAME = "$(TARGET_NAME)";
				SWIFT_EMIT_LOC_STRINGS = YES;
				SWIFT_VERSION = 5.0;
				TARGETED_DEVICE_FAMILY = "1,2";
			};
			name = Debug;
		};
		5847596A29F558DC004A755C /* Release */ = {
			isa = XCBuildConfiguration;
			buildSettings = {
				ASSETCATALOG_COMPILER_APPICON_NAME = AppIcon;
				ASSETCATALOG_COMPILER_GLOBAL_ACCENT_COLOR_NAME = AccentColor;
				CODE_SIGN_STYLE = Automatic;
				CURRENT_PROJECT_VERSION = 1;
				DEVELOPMENT_ASSET_PATHS = "\"SwiftUIBasics/Preview Content\"";
				ENABLE_PREVIEWS = YES;
				GENERATE_INFOPLIST_FILE = YES;
				INFOPLIST_KEY_UIApplicationSceneManifest_Generation = YES;
				INFOPLIST_KEY_UIApplicationSupportsIndirectInputEvents = YES;
				INFOPLIST_KEY_UILaunchScreen_Generation = YES;
				INFOPLIST_KEY_UISupportedInterfaceOrientations_iPad = "UIInterfaceOrientationPortrait UIInterfaceOrientationPortraitUpsideDown UIInterfaceOrientationLandscapeLeft UIInterfaceOrientationLandscapeRight";
				INFOPLIST_KEY_UISupportedInterfaceOrientations_iPhone = "UIInterfaceOrientationPortrait UIInterfaceOrientationLandscapeLeft UIInterfaceOrientationLandscapeRight";
				LD_RUNPATH_SEARCH_PATHS = (
					"$(inherited)",
					"@executable_path/Frameworks",
				);
				MARKETING_VERSION = 1.0;
				PRODUCT_BUNDLE_IDENTIFIER = dakor.nirmal.SwiftUIBasics;
				PRODUCT_NAME = "$(TARGET_NAME)";
				SWIFT_EMIT_LOC_STRINGS = YES;
				SWIFT_VERSION = 5.0;
				TARGETED_DEVICE_FAMILY = "1,2";
			};
			name = Release;
		};
		5847596C29F558DC004A755C /* Debug */ = {
			isa = XCBuildConfiguration;
			buildSettings = {
				ALWAYS_EMBED_SWIFT_STANDARD_LIBRARIES = YES;
				BUNDLE_LOADER = "$(TEST_HOST)";
				CODE_SIGN_STYLE = Automatic;
				CURRENT_PROJECT_VERSION = 1;
				GENERATE_INFOPLIST_FILE = YES;
				IPHONEOS_DEPLOYMENT_TARGET = 16.1;
				MARKETING_VERSION = 1.0;
				PRODUCT_BUNDLE_IDENTIFIER = dakor.nirmal.SwiftUIBasicsTests;
				PRODUCT_NAME = "$(TARGET_NAME)";
				SWIFT_EMIT_LOC_STRINGS = NO;
				SWIFT_VERSION = 5.0;
				TARGETED_DEVICE_FAMILY = "1,2";
				TEST_HOST = "$(BUILT_PRODUCTS_DIR)/SwiftUIBasics.app/$(BUNDLE_EXECUTABLE_FOLDER_PATH)/SwiftUIBasics";
			};
			name = Debug;
		};
		5847596D29F558DC004A755C /* Release */ = {
			isa = XCBuildConfiguration;
			buildSettings = {
				ALWAYS_EMBED_SWIFT_STANDARD_LIBRARIES = YES;
				BUNDLE_LOADER = "$(TEST_HOST)";
				CODE_SIGN_STYLE = Automatic;
				CURRENT_PROJECT_VERSION = 1;
				GENERATE_INFOPLIST_FILE = YES;
				IPHONEOS_DEPLOYMENT_TARGET = 16.1;
				MARKETING_VERSION = 1.0;
				PRODUCT_BUNDLE_IDENTIFIER = dakor.nirmal.SwiftUIBasicsTests;
				PRODUCT_NAME = "$(TARGET_NAME)";
				SWIFT_EMIT_LOC_STRINGS = NO;
				SWIFT_VERSION = 5.0;
				TARGETED_DEVICE_FAMILY = "1,2";
				TEST_HOST = "$(BUILT_PRODUCTS_DIR)/SwiftUIBasics.app/$(BUNDLE_EXECUTABLE_FOLDER_PATH)/SwiftUIBasics";
			};
			name = Release;
		};
		5847596F29F558DC004A755C /* Debug */ = {
			isa = XCBuildConfiguration;
			buildSettings = {
				ALWAYS_EMBED_SWIFT_STANDARD_LIBRARIES = YES;
				CODE_SIGN_STYLE = Automatic;
				CURRENT_PROJECT_VERSION = 1;
				GENERATE_INFOPLIST_FILE = YES;
				MARKETING_VERSION = 1.0;
				PRODUCT_BUNDLE_IDENTIFIER = dakor.nirmal.SwiftUIBasicsUITests;
				PRODUCT_NAME = "$(TARGET_NAME)";
				SWIFT_EMIT_LOC_STRINGS = NO;
				SWIFT_VERSION = 5.0;
				TARGETED_DEVICE_FAMILY = "1,2";
				TEST_TARGET_NAME = SwiftUIBasics;
			};
			name = Debug;
		};
		5847597029F558DC004A755C /* Release */ = {
			isa = XCBuildConfiguration;
			buildSettings = {
				ALWAYS_EMBED_SWIFT_STANDARD_LIBRARIES = YES;
				CODE_SIGN_STYLE = Automatic;
				CURRENT_PROJECT_VERSION = 1;
				GENERATE_INFOPLIST_FILE = YES;
				MARKETING_VERSION = 1.0;
				PRODUCT_BUNDLE_IDENTIFIER = dakor.nirmal.SwiftUIBasicsUITests;
				PRODUCT_NAME = "$(TARGET_NAME)";
				SWIFT_EMIT_LOC_STRINGS = NO;
				SWIFT_VERSION = 5.0;
				TARGETED_DEVICE_FAMILY = "1,2";
				TEST_TARGET_NAME = SwiftUIBasics;
			};
			name = Release;
		};
/* End XCBuildConfiguration section */

/* Begin XCConfigurationList section */
		5847593F29F558D6004A755C /* Build configuration list for PBXProject "SwiftUIBasics" */ = {
			isa = XCConfigurationList;
			buildConfigurations = (
				5847596629F558DC004A755C /* Debug */,
				5847596729F558DC004A755C /* Release */,
			);
			defaultConfigurationIsVisible = 0;
			defaultConfigurationName = Release;
		};
		5847596829F558DC004A755C /* Build configuration list for PBXNativeTarget "SwiftUIBasics" */ = {
			isa = XCConfigurationList;
			buildConfigurations = (
				5847596929F558DC004A755C /* Debug */,
				5847596A29F558DC004A755C /* Release */,
			);
			defaultConfigurationIsVisible = 0;
			defaultConfigurationName = Release;
		};
		5847596B29F558DC004A755C /* Build configuration list for PBXNativeTarget "SwiftUIBasicsTests" */ = {
			isa = XCConfigurationList;
			buildConfigurations = (
				5847596C29F558DC004A755C /* Debug */,
				5847596D29F558DC004A755C /* Release */,
			);
			defaultConfigurationIsVisible = 0;
			defaultConfigurationName = Release;
		};
		5847596E29F558DC004A755C /* Build configuration list for PBXNativeTarget "SwiftUIBasicsUITests" */ = {
			isa = XCConfigurationList;
			buildConfigurations = (
				5847596F29F558DC004A755C /* Debug */,
				5847597029F558DC004A755C /* Release */,
			);
			defaultConfigurationIsVisible = 0;
			defaultConfigurationName = Release;
		};
/* End XCConfigurationList section */
	};
	rootObject = 5847593C29F558D6004A755C /* Project object */;
}
